// !$*UTF8*$!
{
	archiveVersion = 1;
	classes = {
	};
	objectVersion = 50;
	objects = {

/* Begin PBXBuildFile section */
		5911F5C520BC928600CE2BA0 /* SearchLocalDataManager.swift in Sources */ = {isa = PBXBuildFile; fileRef = 5911F5B520BC928600CE2BA0 /* SearchLocalDataManager.swift */; };
		5911F5C620BC928600CE2BA0 /* SearchAPIDataManager.swift in Sources */ = {isa = PBXBuildFile; fileRef = 5911F5B720BC928600CE2BA0 /* SearchAPIDataManager.swift */; };
		5911F5C720BC928600CE2BA0 /* SearchPresenter.swift in Sources */ = {isa = PBXBuildFile; fileRef = 5911F5B920BC928600CE2BA0 /* SearchPresenter.swift */; };
		5911F5C920BC928600CE2BA0 /* SearchView.swift in Sources */ = {isa = PBXBuildFile; fileRef = 5911F5BD20BC928600CE2BA0 /* SearchView.swift */; };
		5911F5CA20BC928600CE2BA0 /* SearchProtocols.swift in Sources */ = {isa = PBXBuildFile; fileRef = 5911F5BF20BC928600CE2BA0 /* SearchProtocols.swift */; };
		5911F5CB20BC928600CE2BA0 /* SearchItem.swift in Sources */ = {isa = PBXBuildFile; fileRef = 5911F5C120BC928600CE2BA0 /* SearchItem.swift */; };
		5911F5CC20BC928600CE2BA0 /* SearchInteractor.swift in Sources */ = {isa = PBXBuildFile; fileRef = 5911F5C220BC928600CE2BA0 /* SearchInteractor.swift */; };
		5911F5CD20BC928600CE2BA0 /* SearchRouter.swift in Sources */ = {isa = PBXBuildFile; fileRef = 5911F5C420BC928600CE2BA0 /* SearchRouter.swift */; };
		5911F5CE20BC929100CE2BA0 /* SearchInteractorSpec.swift in Sources */ = {isa = PBXBuildFile; fileRef = 5911F5BB20BC928600CE2BA0 /* SearchInteractorSpec.swift */; };
		5911F5D120BC942C00CE2BA0 /* NetworkRequest.swift in Sources */ = {isa = PBXBuildFile; fileRef = 5911F5D020BC942C00CE2BA0 /* NetworkRequest.swift */; };
		5911F5D320BC967A00CE2BA0 /* Network.swift in Sources */ = {isa = PBXBuildFile; fileRef = 5911F5D220BC967A00CE2BA0 /* Network.swift */; };
		5911F5D720BDAFF700CE2BA0 /* GithubRequest.swift in Sources */ = {isa = PBXBuildFile; fileRef = 5911F5D620BDAFF700CE2BA0 /* GithubRequest.swift */; };
		5911F5DA20BDD02100CE2BA0 /* User.swift in Sources */ = {isa = PBXBuildFile; fileRef = 5911F5D920BDD02100CE2BA0 /* User.swift */; };
		5911F5DD20BDD4B400CE2BA0 /* UserViewModel.swift in Sources */ = {isa = PBXBuildFile; fileRef = 5911F5DC20BDD4B400CE2BA0 /* UserViewModel.swift */; };
		5911F5E120BDE82E00CE2BA0 /* ArrayExtensions.swift in Sources */ = {isa = PBXBuildFile; fileRef = 5911F5E020BDE82E00CE2BA0 /* ArrayExtensions.swift */; };
		5911F5E720BDFA2B00CE2BA0 /* EmptyView.swift in Sources */ = {isa = PBXBuildFile; fileRef = 5911F5E520BDFA2B00CE2BA0 /* EmptyView.swift */; };
		5911F5E820BDFA2B00CE2BA0 /* Stateful.swift in Sources */ = {isa = PBXBuildFile; fileRef = 5911F5E620BDFA2B00CE2BA0 /* Stateful.swift */; };
		5911F5EA20BDFAB000CE2BA0 /* EmptyView.xib in Resources */ = {isa = PBXBuildFile; fileRef = 5911F5E920BDFAB000CE2BA0 /* EmptyView.xib */; };
		59FEF24A20BAFC95006CD77E /* AppDelegate.swift in Sources */ = {isa = PBXBuildFile; fileRef = 59FEF24920BAFC95006CD77E /* AppDelegate.swift */; };
		59FEF24F20BAFC95006CD77E /* Main.storyboard in Resources */ = {isa = PBXBuildFile; fileRef = 59FEF24D20BAFC95006CD77E /* Main.storyboard */; };
		59FEF25120BAFC97006CD77E /* Assets.xcassets in Resources */ = {isa = PBXBuildFile; fileRef = 59FEF25020BAFC97006CD77E /* Assets.xcassets */; };
		59FEF25420BAFC97006CD77E /* LaunchScreen.storyboard in Resources */ = {isa = PBXBuildFile; fileRef = 59FEF25220BAFC97006CD77E /* LaunchScreen.storyboard */; };
		59FEF25F20BAFC97006CD77E /* Candidate_MinerTests.swift in Sources */ = {isa = PBXBuildFile; fileRef = 59FEF25E20BAFC97006CD77E /* Candidate_MinerTests.swift */; };
		59FEF26A20BAFC97006CD77E /* Candidate_MinerUITests.swift in Sources */ = {isa = PBXBuildFile; fileRef = 59FEF26920BAFC97006CD77E /* Candidate_MinerUITests.swift */; };
		681758830F58DCE4E384BD8A /* Pods_Candidate_MinerUITests.framework in Frameworks */ = {isa = PBXBuildFile; fileRef = F8C1614E6B882EA1384EEDA6 /* Pods_Candidate_MinerUITests.framework */; };
		7FAEA81D901B76D96D114DC5 /* Pods_Candidate_MinerTests.framework in Frameworks */ = {isa = PBXBuildFile; fileRef = C83D6C0D1E43824437C5D84F /* Pods_Candidate_MinerTests.framework */; };
		EF23219B016026DC89B1FF5A /* Pods_Candidate_Miner.framework in Frameworks */ = {isa = PBXBuildFile; fileRef = 00FD3E8BFA763F8FF1377BD5 /* Pods_Candidate_Miner.framework */; };
/* End PBXBuildFile section */

/* Begin PBXContainerItemProxy section */
		59FEF25B20BAFC97006CD77E /* PBXContainerItemProxy */ = {
			isa = PBXContainerItemProxy;
			containerPortal = 59FEF23E20BAFC95006CD77E /* Project object */;
			proxyType = 1;
			remoteGlobalIDString = 59FEF24520BAFC95006CD77E;
			remoteInfo = "Candidate-Miner";
		};
		59FEF26620BAFC97006CD77E /* PBXContainerItemProxy */ = {
			isa = PBXContainerItemProxy;
			containerPortal = 59FEF23E20BAFC95006CD77E /* Project object */;
			proxyType = 1;
			remoteGlobalIDString = 59FEF24520BAFC95006CD77E;
			remoteInfo = "Candidate-Miner";
		};
/* End PBXContainerItemProxy section */

/* Begin PBXFileReference section */
		00FD3E8BFA763F8FF1377BD5 /* Pods_Candidate_Miner.framework */ = {isa = PBXFileReference; explicitFileType = wrapper.framework; includeInIndex = 0; path = Pods_Candidate_Miner.framework; sourceTree = BUILT_PRODUCTS_DIR; };
		4C174A809F5855AA6835D923 /* Pods-Candidate-MinerTests.release.xcconfig */ = {isa = PBXFileReference; includeInIndex = 1; lastKnownFileType = text.xcconfig; name = "Pods-Candidate-MinerTests.release.xcconfig"; path = "Pods/Target Support Files/Pods-Candidate-MinerTests/Pods-Candidate-MinerTests.release.xcconfig"; sourceTree = "<group>"; };
		5911F5B520BC928600CE2BA0 /* SearchLocalDataManager.swift */ = {isa = PBXFileReference; fileEncoding = 4; lastKnownFileType = sourcecode.swift; path = SearchLocalDataManager.swift; sourceTree = "<group>"; };
		5911F5B720BC928600CE2BA0 /* SearchAPIDataManager.swift */ = {isa = PBXFileReference; fileEncoding = 4; lastKnownFileType = sourcecode.swift; path = SearchAPIDataManager.swift; sourceTree = "<group>"; };
		5911F5B920BC928600CE2BA0 /* SearchPresenter.swift */ = {isa = PBXFileReference; fileEncoding = 4; lastKnownFileType = sourcecode.swift; path = SearchPresenter.swift; sourceTree = "<group>"; };
		5911F5BB20BC928600CE2BA0 /* SearchInteractorSpec.swift */ = {isa = PBXFileReference; fileEncoding = 4; lastKnownFileType = sourcecode.swift; path = SearchInteractorSpec.swift; sourceTree = "<group>"; };
		5911F5BD20BC928600CE2BA0 /* SearchView.swift */ = {isa = PBXFileReference; fileEncoding = 4; lastKnownFileType = sourcecode.swift; path = SearchView.swift; sourceTree = "<group>"; };
		5911F5BF20BC928600CE2BA0 /* SearchProtocols.swift */ = {isa = PBXFileReference; fileEncoding = 4; lastKnownFileType = sourcecode.swift; path = SearchProtocols.swift; sourceTree = "<group>"; };
		5911F5C120BC928600CE2BA0 /* SearchItem.swift */ = {isa = PBXFileReference; fileEncoding = 4; lastKnownFileType = sourcecode.swift; path = SearchItem.swift; sourceTree = "<group>"; };
		5911F5C220BC928600CE2BA0 /* SearchInteractor.swift */ = {isa = PBXFileReference; fileEncoding = 4; lastKnownFileType = sourcecode.swift; path = SearchInteractor.swift; sourceTree = "<group>"; };
		5911F5C420BC928600CE2BA0 /* SearchRouter.swift */ = {isa = PBXFileReference; fileEncoding = 4; lastKnownFileType = sourcecode.swift; path = SearchRouter.swift; sourceTree = "<group>"; };
		5911F5D020BC942C00CE2BA0 /* NetworkRequest.swift */ = {isa = PBXFileReference; lastKnownFileType = sourcecode.swift; path = NetworkRequest.swift; sourceTree = "<group>"; };
		5911F5D220BC967A00CE2BA0 /* Network.swift */ = {isa = PBXFileReference; lastKnownFileType = sourcecode.swift; path = Network.swift; sourceTree = "<group>"; };
		5911F5D620BDAFF700CE2BA0 /* GithubRequest.swift */ = {isa = PBXFileReference; lastKnownFileType = sourcecode.swift; path = GithubRequest.swift; sourceTree = "<group>"; };
		5911F5D920BDD02100CE2BA0 /* User.swift */ = {isa = PBXFileReference; lastKnownFileType = sourcecode.swift; path = User.swift; sourceTree = "<group>"; };
		5911F5DC20BDD4B400CE2BA0 /* UserViewModel.swift */ = {isa = PBXFileReference; lastKnownFileType = sourcecode.swift; path = UserViewModel.swift; sourceTree = "<group>"; };
		5911F5E020BDE82E00CE2BA0 /* ArrayExtensions.swift */ = {isa = PBXFileReference; lastKnownFileType = sourcecode.swift; path = ArrayExtensions.swift; sourceTree = "<group>"; };
		5911F5E520BDFA2B00CE2BA0 /* EmptyView.swift */ = {isa = PBXFileReference; fileEncoding = 4; lastKnownFileType = sourcecode.swift; path = EmptyView.swift; sourceTree = "<group>"; };
		5911F5E620BDFA2B00CE2BA0 /* Stateful.swift */ = {isa = PBXFileReference; fileEncoding = 4; lastKnownFileType = sourcecode.swift; path = Stateful.swift; sourceTree = "<group>"; };
		5911F5E920BDFAB000CE2BA0 /* EmptyView.xib */ = {isa = PBXFileReference; fileEncoding = 4; lastKnownFileType = file.xib; path = EmptyView.xib; sourceTree = "<group>"; };
		59FEF24620BAFC95006CD77E /* Candidate-Miner.app */ = {isa = PBXFileReference; explicitFileType = wrapper.application; includeInIndex = 0; path = "Candidate-Miner.app"; sourceTree = BUILT_PRODUCTS_DIR; };
		59FEF24920BAFC95006CD77E /* AppDelegate.swift */ = {isa = PBXFileReference; lastKnownFileType = sourcecode.swift; path = AppDelegate.swift; sourceTree = "<group>"; };
		59FEF24E20BAFC95006CD77E /* Base */ = {isa = PBXFileReference; lastKnownFileType = file.storyboard; name = Base; path = Base.lproj/Main.storyboard; sourceTree = "<group>"; };
		59FEF25020BAFC97006CD77E /* Assets.xcassets */ = {isa = PBXFileReference; lastKnownFileType = folder.assetcatalog; path = Assets.xcassets; sourceTree = "<group>"; };
		59FEF25320BAFC97006CD77E /* Base */ = {isa = PBXFileReference; lastKnownFileType = file.storyboard; name = Base; path = Base.lproj/LaunchScreen.storyboard; sourceTree = "<group>"; };
		59FEF25520BAFC97006CD77E /* Info.plist */ = {isa = PBXFileReference; lastKnownFileType = text.plist.xml; path = Info.plist; sourceTree = "<group>"; };
		59FEF25A20BAFC97006CD77E /* Candidate-MinerTests.xctest */ = {isa = PBXFileReference; explicitFileType = wrapper.cfbundle; includeInIndex = 0; path = "Candidate-MinerTests.xctest"; sourceTree = BUILT_PRODUCTS_DIR; };
		59FEF25E20BAFC97006CD77E /* Candidate_MinerTests.swift */ = {isa = PBXFileReference; lastKnownFileType = sourcecode.swift; path = Candidate_MinerTests.swift; sourceTree = "<group>"; };
		59FEF26020BAFC97006CD77E /* Info.plist */ = {isa = PBXFileReference; lastKnownFileType = text.plist.xml; path = Info.plist; sourceTree = "<group>"; };
		59FEF26520BAFC97006CD77E /* Candidate-MinerUITests.xctest */ = {isa = PBXFileReference; explicitFileType = wrapper.cfbundle; includeInIndex = 0; path = "Candidate-MinerUITests.xctest"; sourceTree = BUILT_PRODUCTS_DIR; };
		59FEF26920BAFC97006CD77E /* Candidate_MinerUITests.swift */ = {isa = PBXFileReference; lastKnownFileType = sourcecode.swift; path = Candidate_MinerUITests.swift; sourceTree = "<group>"; };
		59FEF26B20BAFC97006CD77E /* Info.plist */ = {isa = PBXFileReference; lastKnownFileType = text.plist.xml; path = Info.plist; sourceTree = "<group>"; };
		805398E2AFB1635FBB16A586 /* Pods-Candidate-MinerUITests.release.xcconfig */ = {isa = PBXFileReference; includeInIndex = 1; lastKnownFileType = text.xcconfig; name = "Pods-Candidate-MinerUITests.release.xcconfig"; path = "Pods/Target Support Files/Pods-Candidate-MinerUITests/Pods-Candidate-MinerUITests.release.xcconfig"; sourceTree = "<group>"; };
		9FDA1C683EE56580DB634A82 /* Pods-Candidate-MinerTests.debug.xcconfig */ = {isa = PBXFileReference; includeInIndex = 1; lastKnownFileType = text.xcconfig; name = "Pods-Candidate-MinerTests.debug.xcconfig"; path = "Pods/Target Support Files/Pods-Candidate-MinerTests/Pods-Candidate-MinerTests.debug.xcconfig"; sourceTree = "<group>"; };
		C83D6C0D1E43824437C5D84F /* Pods_Candidate_MinerTests.framework */ = {isa = PBXFileReference; explicitFileType = wrapper.framework; includeInIndex = 0; path = Pods_Candidate_MinerTests.framework; sourceTree = BUILT_PRODUCTS_DIR; };
		EC190B63A189E95638C35FA9 /* Pods-Candidate-Miner.release.xcconfig */ = {isa = PBXFileReference; includeInIndex = 1; lastKnownFileType = text.xcconfig; name = "Pods-Candidate-Miner.release.xcconfig"; path = "Pods/Target Support Files/Pods-Candidate-Miner/Pods-Candidate-Miner.release.xcconfig"; sourceTree = "<group>"; };
		F6AD33A87150ED1DADEDDFEA /* Pods-Candidate-Miner.debug.xcconfig */ = {isa = PBXFileReference; includeInIndex = 1; lastKnownFileType = text.xcconfig; name = "Pods-Candidate-Miner.debug.xcconfig"; path = "Pods/Target Support Files/Pods-Candidate-Miner/Pods-Candidate-Miner.debug.xcconfig"; sourceTree = "<group>"; };
		F8C1614E6B882EA1384EEDA6 /* Pods_Candidate_MinerUITests.framework */ = {isa = PBXFileReference; explicitFileType = wrapper.framework; includeInIndex = 0; path = Pods_Candidate_MinerUITests.framework; sourceTree = BUILT_PRODUCTS_DIR; };
		FB79616B015560C17F3F25D7 /* Pods-Candidate-MinerUITests.debug.xcconfig */ = {isa = PBXFileReference; includeInIndex = 1; lastKnownFileType = text.xcconfig; name = "Pods-Candidate-MinerUITests.debug.xcconfig"; path = "Pods/Target Support Files/Pods-Candidate-MinerUITests/Pods-Candidate-MinerUITests.debug.xcconfig"; sourceTree = "<group>"; };
/* End PBXFileReference section */

/* Begin PBXFrameworksBuildPhase section */
		59FEF24320BAFC95006CD77E /* Frameworks */ = {
			isa = PBXFrameworksBuildPhase;
			buildActionMask = 2147483647;
			files = (
				EF23219B016026DC89B1FF5A /* Pods_Candidate_Miner.framework in Frameworks */,
			);
			runOnlyForDeploymentPostprocessing = 0;
		};
		59FEF25720BAFC97006CD77E /* Frameworks */ = {
			isa = PBXFrameworksBuildPhase;
			buildActionMask = 2147483647;
			files = (
				7FAEA81D901B76D96D114DC5 /* Pods_Candidate_MinerTests.framework in Frameworks */,
			);
			runOnlyForDeploymentPostprocessing = 0;
		};
		59FEF26220BAFC97006CD77E /* Frameworks */ = {
			isa = PBXFrameworksBuildPhase;
			buildActionMask = 2147483647;
			files = (
				681758830F58DCE4E384BD8A /* Pods_Candidate_MinerUITests.framework in Frameworks */,
			);
			runOnlyForDeploymentPostprocessing = 0;
		};
/* End PBXFrameworksBuildPhase section */

/* Begin PBXGroup section */
		4405EB1307B87254D74324C9 /* Frameworks */ = {
			isa = PBXGroup;
			children = (
				00FD3E8BFA763F8FF1377BD5 /* Pods_Candidate_Miner.framework */,
				C83D6C0D1E43824437C5D84F /* Pods_Candidate_MinerTests.framework */,
				F8C1614E6B882EA1384EEDA6 /* Pods_Candidate_MinerUITests.framework */,
			);
			name = Frameworks;
			sourceTree = "<group>";
		};
		5911F5B120BC928600CE2BA0 /* Modules */ = {
			isa = PBXGroup;
			children = (
				5911F5B220BC928600CE2BA0 /* Search */,
			);
			path = Modules;
			sourceTree = "<group>";
		};
		5911F5B220BC928600CE2BA0 /* Search */ = {
			isa = PBXGroup;
			children = (
				5911F5B320BC928600CE2BA0 /* DataManager */,
				5911F5B820BC928600CE2BA0 /* Presenter */,
				5911F5BA20BC928600CE2BA0 /* Tests */,
				5911F5BC20BC928600CE2BA0 /* View */,
				5911F5BE20BC928600CE2BA0 /* Protocols */,
				5911F5C020BC928600CE2BA0 /* Interactor */,
				5911F5C320BC928600CE2BA0 /* Router */,
			);
			path = Search;
			sourceTree = "<group>";
		};
		5911F5B320BC928600CE2BA0 /* DataManager */ = {
			isa = PBXGroup;
			children = (
				5911F5B420BC928600CE2BA0 /* Local */,
				5911F5B620BC928600CE2BA0 /* API */,
			);
			path = DataManager;
			sourceTree = "<group>";
		};
		5911F5B420BC928600CE2BA0 /* Local */ = {
			isa = PBXGroup;
			children = (
				5911F5B520BC928600CE2BA0 /* SearchLocalDataManager.swift */,
			);
			path = Local;
			sourceTree = "<group>";
		};
		5911F5B620BC928600CE2BA0 /* API */ = {
			isa = PBXGroup;
			children = (
				5911F5B720BC928600CE2BA0 /* SearchAPIDataManager.swift */,
			);
			path = API;
			sourceTree = "<group>";
		};
		5911F5B820BC928600CE2BA0 /* Presenter */ = {
			isa = PBXGroup;
			children = (
				5911F5B920BC928600CE2BA0 /* SearchPresenter.swift */,
			);
			path = Presenter;
			sourceTree = "<group>";
		};
		5911F5BA20BC928600CE2BA0 /* Tests */ = {
			isa = PBXGroup;
			children = (
				5911F5BB20BC928600CE2BA0 /* SearchInteractorSpec.swift */,
			);
			path = Tests;
			sourceTree = "<group>";
		};
		5911F5BC20BC928600CE2BA0 /* View */ = {
			isa = PBXGroup;
			children = (
				5911F5BD20BC928600CE2BA0 /* SearchView.swift */,
			);
			path = View;
			sourceTree = "<group>";
		};
		5911F5BE20BC928600CE2BA0 /* Protocols */ = {
			isa = PBXGroup;
			children = (
				5911F5BF20BC928600CE2BA0 /* SearchProtocols.swift */,
			);
			path = Protocols;
			sourceTree = "<group>";
		};
		5911F5C020BC928600CE2BA0 /* Interactor */ = {
			isa = PBXGroup;
			children = (
				5911F5C120BC928600CE2BA0 /* SearchItem.swift */,
				5911F5C220BC928600CE2BA0 /* SearchInteractor.swift */,
			);
			path = Interactor;
			sourceTree = "<group>";
		};
		5911F5C320BC928600CE2BA0 /* Router */ = {
			isa = PBXGroup;
			children = (
				5911F5C420BC928600CE2BA0 /* SearchRouter.swift */,
			);
			path = Router;
			sourceTree = "<group>";
		};
		5911F5CF20BC93A700CE2BA0 /* Network */ = {
			isa = PBXGroup;
			children = (
				5911F5DE20BDE80000CE2BA0 /* Utils */,
				5911F5D820BDD01800CE2BA0 /* Models */,
				5911F5D520BDAFE800CE2BA0 /* Requests */,
				5911F5D020BC942C00CE2BA0 /* NetworkRequest.swift */,
				5911F5D220BC967A00CE2BA0 /* Network.swift */,
			);
			path = Network;
			sourceTree = "<group>";
		};
		5911F5D520BDAFE800CE2BA0 /* Requests */ = {
			isa = PBXGroup;
			children = (
				5911F5D620BDAFF700CE2BA0 /* GithubRequest.swift */,
			);
			path = Requests;
			sourceTree = "<group>";
		};
		5911F5D820BDD01800CE2BA0 /* Models */ = {
			isa = PBXGroup;
			children = (
				5911F5DB20BDD4A700CE2BA0 /* ViewModels */,
				5911F5D920BDD02100CE2BA0 /* User.swift */,
			);
			path = Models;
			sourceTree = "<group>";
		};
		5911F5DB20BDD4A700CE2BA0 /* ViewModels */ = {
			isa = PBXGroup;
			children = (
				5911F5DC20BDD4B400CE2BA0 /* UserViewModel.swift */,
			);
			path = ViewModels;
			sourceTree = "<group>";
		};
		5911F5DE20BDE80000CE2BA0 /* Utils */ = {
			isa = PBXGroup;
			children = (
				5911F5E420BDFA2B00CE2BA0 /* Stateful */,
				5911F5DF20BDE81B00CE2BA0 /* Extensions */,
			);
			name = Utils;
			path = "Candidate-Miner/Utils";
			sourceTree = SOURCE_ROOT;
		};
		5911F5DF20BDE81B00CE2BA0 /* Extensions */ = {
			isa = PBXGroup;
			children = (
				5911F5E020BDE82E00CE2BA0 /* ArrayExtensions.swift */,
			);
			path = Extensions;
			sourceTree = "<group>";
		};
		5911F5E420BDFA2B00CE2BA0 /* Stateful */ = {
			isa = PBXGroup;
			children = (
				5911F5E920BDFAB000CE2BA0 /* EmptyView.xib */,
				5911F5E520BDFA2B00CE2BA0 /* EmptyView.swift */,
				5911F5E620BDFA2B00CE2BA0 /* Stateful.swift */,
			);
			path = Stateful;
			sourceTree = "<group>";
		};
		59FEF23D20BAFC95006CD77E = {
			isa = PBXGroup;
			children = (
				59FEF24820BAFC95006CD77E /* Candidate-Miner */,
				59FEF25D20BAFC97006CD77E /* Candidate-MinerTests */,
				59FEF26820BAFC97006CD77E /* Candidate-MinerUITests */,
				59FEF24720BAFC95006CD77E /* Products */,
				C06AB690D78D70257CF6AA72 /* Pods */,
				4405EB1307B87254D74324C9 /* Frameworks */,
			);
			sourceTree = "<group>";
		};
		59FEF24720BAFC95006CD77E /* Products */ = {
			isa = PBXGroup;
			children = (
				59FEF24620BAFC95006CD77E /* Candidate-Miner.app */,
				59FEF25A20BAFC97006CD77E /* Candidate-MinerTests.xctest */,
				59FEF26520BAFC97006CD77E /* Candidate-MinerUITests.xctest */,
			);
			name = Products;
			sourceTree = "<group>";
		};
		59FEF24820BAFC95006CD77E /* Candidate-Miner */ = {
			isa = PBXGroup;
			children = (
				5911F5CF20BC93A700CE2BA0 /* Network */,
				5911F5B120BC928600CE2BA0 /* Modules */,
				59FEF24920BAFC95006CD77E /* AppDelegate.swift */,
				59FEF24D20BAFC95006CD77E /* Main.storyboard */,
				59FEF25020BAFC97006CD77E /* Assets.xcassets */,
				59FEF25220BAFC97006CD77E /* LaunchScreen.storyboard */,
				59FEF25520BAFC97006CD77E /* Info.plist */,
			);
			path = "Candidate-Miner";
			sourceTree = "<group>";
		};
		59FEF25D20BAFC97006CD77E /* Candidate-MinerTests */ = {
			isa = PBXGroup;
			children = (
				59FEF25E20BAFC97006CD77E /* Candidate_MinerTests.swift */,
				59FEF26020BAFC97006CD77E /* Info.plist */,
			);
			path = "Candidate-MinerTests";
			sourceTree = "<group>";
		};
		59FEF26820BAFC97006CD77E /* Candidate-MinerUITests */ = {
			isa = PBXGroup;
			children = (
				59FEF26920BAFC97006CD77E /* Candidate_MinerUITests.swift */,
				59FEF26B20BAFC97006CD77E /* Info.plist */,
			);
			path = "Candidate-MinerUITests";
			sourceTree = "<group>";
		};
		C06AB690D78D70257CF6AA72 /* Pods */ = {
			isa = PBXGroup;
			children = (
				F6AD33A87150ED1DADEDDFEA /* Pods-Candidate-Miner.debug.xcconfig */,
				EC190B63A189E95638C35FA9 /* Pods-Candidate-Miner.release.xcconfig */,
				9FDA1C683EE56580DB634A82 /* Pods-Candidate-MinerTests.debug.xcconfig */,
				4C174A809F5855AA6835D923 /* Pods-Candidate-MinerTests.release.xcconfig */,
				FB79616B015560C17F3F25D7 /* Pods-Candidate-MinerUITests.debug.xcconfig */,
				805398E2AFB1635FBB16A586 /* Pods-Candidate-MinerUITests.release.xcconfig */,
			);
			name = Pods;
			sourceTree = "<group>";
		};
/* End PBXGroup section */

/* Begin PBXNativeTarget section */
		59FEF24520BAFC95006CD77E /* Candidate-Miner */ = {
			isa = PBXNativeTarget;
			buildConfigurationList = 59FEF26E20BAFC97006CD77E /* Build configuration list for PBXNativeTarget "Candidate-Miner" */;
			buildPhases = (
				42E40C9324D426C9442A17AF /* [CP] Check Pods Manifest.lock */,
				5911F5AE20BC696100CE2BA0 /* Swiftlint */,
				59FEF24220BAFC95006CD77E /* Sources */,
				59FEF24320BAFC95006CD77E /* Frameworks */,
				59FEF24420BAFC95006CD77E /* Resources */,
				B5291905D02E01EB9E84BB16 /* [CP] Embed Pods Frameworks */,
			);
			buildRules = (
			);
			dependencies = (
			);
			name = "Candidate-Miner";
			productName = "Candidate-Miner";
			productReference = 59FEF24620BAFC95006CD77E /* Candidate-Miner.app */;
			productType = "com.apple.product-type.application";
		};
		59FEF25920BAFC97006CD77E /* Candidate-MinerTests */ = {
			isa = PBXNativeTarget;
			buildConfigurationList = 59FEF27120BAFC97006CD77E /* Build configuration list for PBXNativeTarget "Candidate-MinerTests" */;
			buildPhases = (
				3DDEA0266D21BF275EAFB3A8 /* [CP] Check Pods Manifest.lock */,
				59FEF25620BAFC97006CD77E /* Sources */,
				59FEF25720BAFC97006CD77E /* Frameworks */,
				59FEF25820BAFC97006CD77E /* Resources */,
				800B89A931143861D9AB79DC /* [CP] Embed Pods Frameworks */,
			);
			buildRules = (
			);
			dependencies = (
				59FEF25C20BAFC97006CD77E /* PBXTargetDependency */,
			);
			name = "Candidate-MinerTests";
			productName = "Candidate-MinerTests";
			productReference = 59FEF25A20BAFC97006CD77E /* Candidate-MinerTests.xctest */;
			productType = "com.apple.product-type.bundle.unit-test";
		};
		59FEF26420BAFC97006CD77E /* Candidate-MinerUITests */ = {
			isa = PBXNativeTarget;
			buildConfigurationList = 59FEF27420BAFC97006CD77E /* Build configuration list for PBXNativeTarget "Candidate-MinerUITests" */;
			buildPhases = (
				58CC05B99360664455B7EDAA /* [CP] Check Pods Manifest.lock */,
				59FEF26120BAFC97006CD77E /* Sources */,
				59FEF26220BAFC97006CD77E /* Frameworks */,
				59FEF26320BAFC97006CD77E /* Resources */,
			);
			buildRules = (
			);
			dependencies = (
				59FEF26720BAFC97006CD77E /* PBXTargetDependency */,
			);
			name = "Candidate-MinerUITests";
			productName = "Candidate-MinerUITests";
			productReference = 59FEF26520BAFC97006CD77E /* Candidate-MinerUITests.xctest */;
			productType = "com.apple.product-type.bundle.ui-testing";
		};
/* End PBXNativeTarget section */

/* Begin PBXProject section */
		59FEF23E20BAFC95006CD77E /* Project object */ = {
			isa = PBXProject;
			attributes = {
				LastSwiftUpdateCheck = 0930;
				LastUpgradeCheck = 0930;
				ORGANIZATIONNAME = "Fernando Ferreira";
				TargetAttributes = {
					59FEF24520BAFC95006CD77E = {
						CreatedOnToolsVersion = 9.3;
					};
					59FEF25920BAFC97006CD77E = {
						CreatedOnToolsVersion = 9.3;
						TestTargetID = 59FEF24520BAFC95006CD77E;
					};
					59FEF26420BAFC97006CD77E = {
						CreatedOnToolsVersion = 9.3;
						TestTargetID = 59FEF24520BAFC95006CD77E;
					};
				};
			};
			buildConfigurationList = 59FEF24120BAFC95006CD77E /* Build configuration list for PBXProject "Candidate-Miner" */;
			compatibilityVersion = "Xcode 9.3";
			developmentRegion = en;
			hasScannedForEncodings = 0;
			knownRegions = (
				en,
				Base,
			);
			mainGroup = 59FEF23D20BAFC95006CD77E;
			productRefGroup = 59FEF24720BAFC95006CD77E /* Products */;
			projectDirPath = "";
			projectRoot = "";
			targets = (
				59FEF24520BAFC95006CD77E /* Candidate-Miner */,
				59FEF25920BAFC97006CD77E /* Candidate-MinerTests */,
				59FEF26420BAFC97006CD77E /* Candidate-MinerUITests */,
			);
		};
/* End PBXProject section */

/* Begin PBXResourcesBuildPhase section */
		59FEF24420BAFC95006CD77E /* Resources */ = {
			isa = PBXResourcesBuildPhase;
			buildActionMask = 2147483647;
			files = (
				5911F5EA20BDFAB000CE2BA0 /* EmptyView.xib in Resources */,
				59FEF25420BAFC97006CD77E /* LaunchScreen.storyboard in Resources */,
				59FEF25120BAFC97006CD77E /* Assets.xcassets in Resources */,
				59FEF24F20BAFC95006CD77E /* Main.storyboard in Resources */,
			);
			runOnlyForDeploymentPostprocessing = 0;
		};
		59FEF25820BAFC97006CD77E /* Resources */ = {
			isa = PBXResourcesBuildPhase;
			buildActionMask = 2147483647;
			files = (
			);
			runOnlyForDeploymentPostprocessing = 0;
		};
		59FEF26320BAFC97006CD77E /* Resources */ = {
			isa = PBXResourcesBuildPhase;
			buildActionMask = 2147483647;
			files = (
			);
			runOnlyForDeploymentPostprocessing = 0;
		};
/* End PBXResourcesBuildPhase section */

/* Begin PBXShellScriptBuildPhase section */
		3DDEA0266D21BF275EAFB3A8 /* [CP] Check Pods Manifest.lock */ = {
			isa = PBXShellScriptBuildPhase;
			buildActionMask = 2147483647;
			files = (
			);
			inputPaths = (
				"${PODS_PODFILE_DIR_PATH}/Podfile.lock",
				"${PODS_ROOT}/Manifest.lock",
			);
			name = "[CP] Check Pods Manifest.lock";
			outputPaths = (
				"$(DERIVED_FILE_DIR)/Pods-Candidate-MinerTests-checkManifestLockResult.txt",
			);
			runOnlyForDeploymentPostprocessing = 0;
			shellPath = /bin/sh;
			shellScript = "diff \"${PODS_PODFILE_DIR_PATH}/Podfile.lock\" \"${PODS_ROOT}/Manifest.lock\" > /dev/null\nif [ $? != 0 ] ; then\n    # print error to STDERR\n    echo \"error: The sandbox is not in sync with the Podfile.lock. Run 'pod install' or update your CocoaPods installation.\" >&2\n    exit 1\nfi\n# This output is used by Xcode 'outputs' to avoid re-running this script phase.\necho \"SUCCESS\" > \"${SCRIPT_OUTPUT_FILE_0}\"\n";
			showEnvVarsInLog = 0;
		};
		42E40C9324D426C9442A17AF /* [CP] Check Pods Manifest.lock */ = {
			isa = PBXShellScriptBuildPhase;
			buildActionMask = 2147483647;
			files = (
			);
			inputPaths = (
				"${PODS_PODFILE_DIR_PATH}/Podfile.lock",
				"${PODS_ROOT}/Manifest.lock",
			);
			name = "[CP] Check Pods Manifest.lock";
			outputPaths = (
				"$(DERIVED_FILE_DIR)/Pods-Candidate-Miner-checkManifestLockResult.txt",
			);
			runOnlyForDeploymentPostprocessing = 0;
			shellPath = /bin/sh;
			shellScript = "diff \"${PODS_PODFILE_DIR_PATH}/Podfile.lock\" \"${PODS_ROOT}/Manifest.lock\" > /dev/null\nif [ $? != 0 ] ; then\n    # print error to STDERR\n    echo \"error: The sandbox is not in sync with the Podfile.lock. Run 'pod install' or update your CocoaPods installation.\" >&2\n    exit 1\nfi\n# This output is used by Xcode 'outputs' to avoid re-running this script phase.\necho \"SUCCESS\" > \"${SCRIPT_OUTPUT_FILE_0}\"\n";
			showEnvVarsInLog = 0;
		};
		58CC05B99360664455B7EDAA /* [CP] Check Pods Manifest.lock */ = {
			isa = PBXShellScriptBuildPhase;
			buildActionMask = 2147483647;
			files = (
			);
			inputPaths = (
				"${PODS_PODFILE_DIR_PATH}/Podfile.lock",
				"${PODS_ROOT}/Manifest.lock",
			);
			name = "[CP] Check Pods Manifest.lock";
			outputPaths = (
				"$(DERIVED_FILE_DIR)/Pods-Candidate-MinerUITests-checkManifestLockResult.txt",
			);
			runOnlyForDeploymentPostprocessing = 0;
			shellPath = /bin/sh;
			shellScript = "diff \"${PODS_PODFILE_DIR_PATH}/Podfile.lock\" \"${PODS_ROOT}/Manifest.lock\" > /dev/null\nif [ $? != 0 ] ; then\n    # print error to STDERR\n    echo \"error: The sandbox is not in sync with the Podfile.lock. Run 'pod install' or update your CocoaPods installation.\" >&2\n    exit 1\nfi\n# This output is used by Xcode 'outputs' to avoid re-running this script phase.\necho \"SUCCESS\" > \"${SCRIPT_OUTPUT_FILE_0}\"\n";
			showEnvVarsInLog = 0;
		};
		5911F5AE20BC696100CE2BA0 /* Swiftlint */ = {
			isa = PBXShellScriptBuildPhase;
			buildActionMask = 2147483647;
			files = (
			);
			inputPaths = (
			);
			name = Swiftlint;
			outputPaths = (
			);
			runOnlyForDeploymentPostprocessing = 0;
			shellPath = /bin/sh;
			shellScript = "\"${PODS_ROOT}/SwiftLint/swiftlint\"";
		};
		800B89A931143861D9AB79DC /* [CP] Embed Pods Frameworks */ = {
			isa = PBXShellScriptBuildPhase;
			buildActionMask = 2147483647;
			files = (
			);
			inputPaths = (
				"${SRCROOT}/Pods/Target Support Files/Pods-Candidate-MinerTests/Pods-Candidate-MinerTests-frameworks.sh",
				"${BUILT_PRODUCTS_DIR}/Nimble/Nimble.framework",
				"${BUILT_PRODUCTS_DIR}/Nimble-Snapshots/Nimble_Snapshots.framework",
				"${BUILT_PRODUCTS_DIR}/Quick/Quick.framework",
				"${BUILT_PRODUCTS_DIR}/Unbox/Unbox.framework",
				"${BUILT_PRODUCTS_DIR}/iOSSnapshotTestCase/FBSnapshotTestCase.framework",
			);
			name = "[CP] Embed Pods Frameworks";
			outputPaths = (
				"${TARGET_BUILD_DIR}/${FRAMEWORKS_FOLDER_PATH}/Nimble.framework",
				"${TARGET_BUILD_DIR}/${FRAMEWORKS_FOLDER_PATH}/Nimble_Snapshots.framework",
				"${TARGET_BUILD_DIR}/${FRAMEWORKS_FOLDER_PATH}/Quick.framework",
				"${TARGET_BUILD_DIR}/${FRAMEWORKS_FOLDER_PATH}/Unbox.framework",
				"${TARGET_BUILD_DIR}/${FRAMEWORKS_FOLDER_PATH}/FBSnapshotTestCase.framework",
			);
			runOnlyForDeploymentPostprocessing = 0;
			shellPath = /bin/sh;
			shellScript = "\"${SRCROOT}/Pods/Target Support Files/Pods-Candidate-MinerTests/Pods-Candidate-MinerTests-frameworks.sh\"\n";
			showEnvVarsInLog = 0;
		};
		B5291905D02E01EB9E84BB16 /* [CP] Embed Pods Frameworks */ = {
			isa = PBXShellScriptBuildPhase;
			buildActionMask = 2147483647;
			files = (
			);
			inputPaths = (
				"${SRCROOT}/Pods/Target Support Files/Pods-Candidate-Miner/Pods-Candidate-Miner-frameworks.sh",
				"${BUILT_PRODUCTS_DIR}/Alamofire/Alamofire.framework",
				"${BUILT_PRODUCTS_DIR}/AlamofireImage/AlamofireImage.framework",
				"${BUILT_PRODUCTS_DIR}/Cartography/Cartography.framework",
			);
			name = "[CP] Embed Pods Frameworks";
			outputPaths = (
				"${TARGET_BUILD_DIR}/${FRAMEWORKS_FOLDER_PATH}/Alamofire.framework",
				"${TARGET_BUILD_DIR}/${FRAMEWORKS_FOLDER_PATH}/AlamofireImage.framework",
				"${TARGET_BUILD_DIR}/${FRAMEWORKS_FOLDER_PATH}/Cartography.framework",
			);
			runOnlyForDeploymentPostprocessing = 0;
			shellPath = /bin/sh;
			shellScript = "\"${SRCROOT}/Pods/Target Support Files/Pods-Candidate-Miner/Pods-Candidate-Miner-frameworks.sh\"\n";
			showEnvVarsInLog = 0;
		};
/* End PBXShellScriptBuildPhase section */

/* Begin PBXSourcesBuildPhase section */
		59FEF24220BAFC95006CD77E /* Sources */ = {
			isa = PBXSourcesBuildPhase;
			buildActionMask = 2147483647;
			files = (
				5911F5DA20BDD02100CE2BA0 /* User.swift in Sources */,
				5911F5E120BDE82E00CE2BA0 /* ArrayExtensions.swift in Sources */,
				5911F5CD20BC928600CE2BA0 /* SearchRouter.swift in Sources */,
				59FEF24A20BAFC95006CD77E /* AppDelegate.swift in Sources */,
				5911F5E720BDFA2B00CE2BA0 /* EmptyView.swift in Sources */,
				5911F5CB20BC928600CE2BA0 /* SearchItem.swift in Sources */,
				5911F5CC20BC928600CE2BA0 /* SearchInteractor.swift in Sources */,
				5911F5DD20BDD4B400CE2BA0 /* UserViewModel.swift in Sources */,
				5911F5E820BDFA2B00CE2BA0 /* Stateful.swift in Sources */,
				5911F5D120BC942C00CE2BA0 /* NetworkRequest.swift in Sources */,
				5911F5D320BC967A00CE2BA0 /* Network.swift in Sources */,
				5911F5D720BDAFF700CE2BA0 /* GithubRequest.swift in Sources */,
				5911F5CA20BC928600CE2BA0 /* SearchProtocols.swift in Sources */,
				5911F5C920BC928600CE2BA0 /* SearchView.swift in Sources */,
				5911F5C720BC928600CE2BA0 /* SearchPresenter.swift in Sources */,
				5911F5C620BC928600CE2BA0 /* SearchAPIDataManager.swift in Sources */,
				5911F5C520BC928600CE2BA0 /* SearchLocalDataManager.swift in Sources */,
			);
			runOnlyForDeploymentPostprocessing = 0;
		};
		59FEF25620BAFC97006CD77E /* Sources */ = {
			isa = PBXSourcesBuildPhase;
			buildActionMask = 2147483647;
			files = (
				59FEF25F20BAFC97006CD77E /* Candidate_MinerTests.swift in Sources */,
				5911F5CE20BC929100CE2BA0 /* SearchInteractorSpec.swift in Sources */,
			);
			runOnlyForDeploymentPostprocessing = 0;
		};
		59FEF26120BAFC97006CD77E /* Sources */ = {
			isa = PBXSourcesBuildPhase;
			buildActionMask = 2147483647;
			files = (
				59FEF26A20BAFC97006CD77E /* Candidate_MinerUITests.swift in Sources */,
			);
			runOnlyForDeploymentPostprocessing = 0;
		};
/* End PBXSourcesBuildPhase section */

/* Begin PBXTargetDependency section */
		59FEF25C20BAFC97006CD77E /* PBXTargetDependency */ = {
			isa = PBXTargetDependency;
			target = 59FEF24520BAFC95006CD77E /* Candidate-Miner */;
			targetProxy = 59FEF25B20BAFC97006CD77E /* PBXContainerItemProxy */;
		};
		59FEF26720BAFC97006CD77E /* PBXTargetDependency */ = {
			isa = PBXTargetDependency;
			target = 59FEF24520BAFC95006CD77E /* Candidate-Miner */;
			targetProxy = 59FEF26620BAFC97006CD77E /* PBXContainerItemProxy */;
		};
/* End PBXTargetDependency section */

/* Begin PBXVariantGroup section */
		59FEF24D20BAFC95006CD77E /* Main.storyboard */ = {
			isa = PBXVariantGroup;
			children = (
				59FEF24E20BAFC95006CD77E /* Base */,
			);
			name = Main.storyboard;
			sourceTree = "<group>";
		};
		59FEF25220BAFC97006CD77E /* LaunchScreen.storyboard */ = {
			isa = PBXVariantGroup;
			children = (
				59FEF25320BAFC97006CD77E /* Base */,
			);
			name = LaunchScreen.storyboard;
			sourceTree = "<group>";
		};
/* End PBXVariantGroup section */

/* Begin XCBuildConfiguration section */
		59FEF26C20BAFC97006CD77E /* Debug */ = {
			isa = XCBuildConfiguration;
			buildSettings = {
				ALWAYS_SEARCH_USER_PATHS = NO;
				CLANG_ANALYZER_NONNULL = YES;
				CLANG_ANALYZER_NUMBER_OBJECT_CONVERSION = YES_AGGRESSIVE;
				CLANG_CXX_LANGUAGE_STANDARD = "gnu++14";
				CLANG_CXX_LIBRARY = "libc++";
				CLANG_ENABLE_MODULES = YES;
				CLANG_ENABLE_OBJC_ARC = YES;
				CLANG_ENABLE_OBJC_WEAK = YES;
				CLANG_WARN_BLOCK_CAPTURE_AUTORELEASING = YES;
				CLANG_WARN_BOOL_CONVERSION = YES;
				CLANG_WARN_COMMA = YES;
				CLANG_WARN_CONSTANT_CONVERSION = YES;
				CLANG_WARN_DEPRECATED_OBJC_IMPLEMENTATIONS = YES;
				CLANG_WARN_DIRECT_OBJC_ISA_USAGE = YES_ERROR;
				CLANG_WARN_DOCUMENTATION_COMMENTS = YES;
				CLANG_WARN_EMPTY_BODY = YES;
				CLANG_WARN_ENUM_CONVERSION = YES;
				CLANG_WARN_INFINITE_RECURSION = YES;
				CLANG_WARN_INT_CONVERSION = YES;
				CLANG_WARN_NON_LITERAL_NULL_CONVERSION = YES;
				CLANG_WARN_OBJC_IMPLICIT_RETAIN_SELF = YES;
				CLANG_WARN_OBJC_LITERAL_CONVERSION = YES;
				CLANG_WARN_OBJC_ROOT_CLASS = YES_ERROR;
				CLANG_WARN_RANGE_LOOP_ANALYSIS = YES;
				CLANG_WARN_STRICT_PROTOTYPES = YES;
				CLANG_WARN_SUSPICIOUS_MOVE = YES;
				CLANG_WARN_UNGUARDED_AVAILABILITY = YES_AGGRESSIVE;
				CLANG_WARN_UNREACHABLE_CODE = YES;
				CLANG_WARN__DUPLICATE_METHOD_MATCH = YES;
				CODE_SIGN_IDENTITY = "iPhone Developer";
				COPY_PHASE_STRIP = NO;
				DEBUG_INFORMATION_FORMAT = dwarf;
				ENABLE_STRICT_OBJC_MSGSEND = YES;
				ENABLE_TESTABILITY = YES;
				GCC_C_LANGUAGE_STANDARD = gnu11;
				GCC_DYNAMIC_NO_PIC = NO;
				GCC_NO_COMMON_BLOCKS = YES;
				GCC_OPTIMIZATION_LEVEL = 0;
				GCC_PREPROCESSOR_DEFINITIONS = (
					"DEBUG=1",
					"$(inherited)",
				);
				GCC_WARN_64_TO_32_BIT_CONVERSION = YES;
				GCC_WARN_ABOUT_RETURN_TYPE = YES_ERROR;
				GCC_WARN_UNDECLARED_SELECTOR = YES;
				GCC_WARN_UNINITIALIZED_AUTOS = YES_AGGRESSIVE;
				GCC_WARN_UNUSED_FUNCTION = YES;
				GCC_WARN_UNUSED_VARIABLE = YES;
				IPHONEOS_DEPLOYMENT_TARGET = 11.3;
				MTL_ENABLE_DEBUG_INFO = YES;
				ONLY_ACTIVE_ARCH = YES;
				SDKROOT = iphoneos;
				SWIFT_ACTIVE_COMPILATION_CONDITIONS = DEBUG;
				SWIFT_OPTIMIZATION_LEVEL = "-Onone";
			};
			name = Debug;
		};
		59FEF26D20BAFC97006CD77E /* Release */ = {
			isa = XCBuildConfiguration;
			buildSettings = {
				ALWAYS_SEARCH_USER_PATHS = NO;
				CLANG_ANALYZER_NONNULL = YES;
				CLANG_ANALYZER_NUMBER_OBJECT_CONVERSION = YES_AGGRESSIVE;
				CLANG_CXX_LANGUAGE_STANDARD = "gnu++14";
				CLANG_CXX_LIBRARY = "libc++";
				CLANG_ENABLE_MODULES = YES;
				CLANG_ENABLE_OBJC_ARC = YES;
				CLANG_ENABLE_OBJC_WEAK = YES;
				CLANG_WARN_BLOCK_CAPTURE_AUTORELEASING = YES;
				CLANG_WARN_BOOL_CONVERSION = YES;
				CLANG_WARN_COMMA = YES;
				CLANG_WARN_CONSTANT_CONVERSION = YES;
				CLANG_WARN_DEPRECATED_OBJC_IMPLEMENTATIONS = YES;
				CLANG_WARN_DIRECT_OBJC_ISA_USAGE = YES_ERROR;
				CLANG_WARN_DOCUMENTATION_COMMENTS = YES;
				CLANG_WARN_EMPTY_BODY = YES;
				CLANG_WARN_ENUM_CONVERSION = YES;
				CLANG_WARN_INFINITE_RECURSION = YES;
				CLANG_WARN_INT_CONVERSION = YES;
				CLANG_WARN_NON_LITERAL_NULL_CONVERSION = YES;
				CLANG_WARN_OBJC_IMPLICIT_RETAIN_SELF = YES;
				CLANG_WARN_OBJC_LITERAL_CONVERSION = YES;
				CLANG_WARN_OBJC_ROOT_CLASS = YES_ERROR;
				CLANG_WARN_RANGE_LOOP_ANALYSIS = YES;
				CLANG_WARN_STRICT_PROTOTYPES = YES;
				CLANG_WARN_SUSPICIOUS_MOVE = YES;
				CLANG_WARN_UNGUARDED_AVAILABILITY = YES_AGGRESSIVE;
				CLANG_WARN_UNREACHABLE_CODE = YES;
				CLANG_WARN__DUPLICATE_METHOD_MATCH = YES;
				CODE_SIGN_IDENTITY = "iPhone Developer";
				COPY_PHASE_STRIP = NO;
				DEBUG_INFORMATION_FORMAT = "dwarf-with-dsym";
				ENABLE_NS_ASSERTIONS = NO;
				ENABLE_STRICT_OBJC_MSGSEND = YES;
				GCC_C_LANGUAGE_STANDARD = gnu11;
				GCC_NO_COMMON_BLOCKS = YES;
				GCC_WARN_64_TO_32_BIT_CONVERSION = YES;
				GCC_WARN_ABOUT_RETURN_TYPE = YES_ERROR;
				GCC_WARN_UNDECLARED_SELECTOR = YES;
				GCC_WARN_UNINITIALIZED_AUTOS = YES_AGGRESSIVE;
				GCC_WARN_UNUSED_FUNCTION = YES;
				GCC_WARN_UNUSED_VARIABLE = YES;
				IPHONEOS_DEPLOYMENT_TARGET = 11.3;
				MTL_ENABLE_DEBUG_INFO = NO;
				SDKROOT = iphoneos;
				SWIFT_COMPILATION_MODE = wholemodule;
				SWIFT_OPTIMIZATION_LEVEL = "-O";
				VALIDATE_PRODUCT = YES;
			};
			name = Release;
		};
		59FEF26F20BAFC97006CD77E /* Debug */ = {
			isa = XCBuildConfiguration;
			baseConfigurationReference = F6AD33A87150ED1DADEDDFEA /* Pods-Candidate-Miner.debug.xcconfig */;
			buildSettings = {
				ASSETCATALOG_COMPILER_APPICON_NAME = AppIcon;
				CODE_SIGN_STYLE = Automatic;
				INFOPLIST_FILE = "Candidate-Miner/Info.plist";
				LD_RUNPATH_SEARCH_PATHS = (
					"$(inherited)",
					"@executable_path/Frameworks",
				);
				PRODUCT_BUNDLE_IDENTIFIER = "com.fernando-ferreira.Candidate-Miner";
				PRODUCT_NAME = "$(TARGET_NAME)";
				SWIFT_VERSION = 4.0;
				TARGETED_DEVICE_FAMILY = "1,2";
			};
			name = Debug;
		};
		59FEF27020BAFC97006CD77E /* Release */ = {
			isa = XCBuildConfiguration;
			baseConfigurationReference = EC190B63A189E95638C35FA9 /* Pods-Candidate-Miner.release.xcconfig */;
			buildSettings = {
				ASSETCATALOG_COMPILER_APPICON_NAME = AppIcon;
				CODE_SIGN_STYLE = Automatic;
				INFOPLIST_FILE = "Candidate-Miner/Info.plist";
				LD_RUNPATH_SEARCH_PATHS = (
					"$(inherited)",
					"@executable_path/Frameworks",
				);
				PRODUCT_BUNDLE_IDENTIFIER = "com.fernando-ferreira.Candidate-Miner";
				PRODUCT_NAME = "$(TARGET_NAME)";
				SWIFT_VERSION = 4.0;
				TARGETED_DEVICE_FAMILY = "1,2";
			};
			name = Release;
		};
		59FEF27220BAFC97006CD77E /* Debug */ = {
			isa = XCBuildConfiguration;
			baseConfigurationReference = 9FDA1C683EE56580DB634A82 /* Pods-Candidate-MinerTests.debug.xcconfig */;
			buildSettings = {
				ALWAYS_EMBED_SWIFT_STANDARD_LIBRARIES = YES;
				BUNDLE_LOADER = "$(TEST_HOST)";
				CODE_SIGN_STYLE = Automatic;
				INFOPLIST_FILE = "Candidate-MinerTests/Info.plist";
				LD_RUNPATH_SEARCH_PATHS = (
					"$(inherited)",
					"@executable_path/Frameworks",
					"@loader_path/Frameworks",
				);
				PRODUCT_BUNDLE_IDENTIFIER = "com.fernando-ferreira.Candidate-MinerTests";
				PRODUCT_NAME = "$(TARGET_NAME)";
				SWIFT_VERSION = 4.0;
				TARGETED_DEVICE_FAMILY = "1,2";
				TEST_HOST = "$(BUILT_PRODUCTS_DIR)/Candidate-Miner.app/Candidate-Miner";
			};
			name = Debug;
		};
		59FEF27320BAFC97006CD77E /* Release */ = {
			isa = XCBuildConfiguration;
			baseConfigurationReference = 4C174A809F5855AA6835D923 /* Pods-Candidate-MinerTests.release.xcconfig */;
			buildSettings = {
				ALWAYS_EMBED_SWIFT_STANDARD_LIBRARIES = YES;
				BUNDLE_LOADER = "$(TEST_HOST)";
				CODE_SIGN_STYLE = Automatic;
				INFOPLIST_FILE = "Candidate-MinerTests/Info.plist";
				LD_RUNPATH_SEARCH_PATHS = (
					"$(inherited)",
					"@executable_path/Frameworks",
					"@loader_path/Frameworks",
				);
				PRODUCT_BUNDLE_IDENTIFIER = "com.fernando-ferreira.Candidate-MinerTests";
				PRODUCT_NAME = "$(TARGET_NAME)";
				SWIFT_VERSION = 4.0;
				TARGETED_DEVICE_FAMILY = "1,2";
				TEST_HOST = "$(BUILT_PRODUCTS_DIR)/Candidate-Miner.app/Candidate-Miner";
			};
			name = Release;
		};
		59FEF27520BAFC97006CD77E /* Debug */ = {
			isa = XCBuildConfiguration;
			baseConfigurationReference = FB79616B015560C17F3F25D7 /* Pods-Candidate-MinerUITests.debug.xcconfig */;
			buildSettings = {
				ALWAYS_EMBED_SWIFT_STANDARD_LIBRARIES = YES;
				CODE_SIGN_STYLE = Automatic;
				INFOPLIST_FILE = "Candidate-MinerUITests/Info.plist";
				LD_RUNPATH_SEARCH_PATHS = (
					"$(inherited)",
					"@executable_path/Frameworks",
					"@loader_path/Frameworks",
				);
				PRODUCT_BUNDLE_IDENTIFIER = "com.fernando-ferreira.Candidate-MinerUITests";
				PRODUCT_NAME = "$(TARGET_NAME)";
				SWIFT_VERSION = 4.0;
				TARGETED_DEVICE_FAMILY = "1,2";
				TEST_TARGET_NAME = "Candidate-Miner";
			};
			name = Debug;
		};
		59FEF27620BAFC97006CD77E /* Release */ = {
			isa = XCBuildConfiguration;
			baseConfigurationReference = 805398E2AFB1635FBB16A586 /* Pods-Candidate-MinerUITests.release.xcconfig */;
			buildSettings = {
				ALWAYS_EMBED_SWIFT_STANDARD_LIBRARIES = YES;
				CODE_SIGN_STYLE = Automatic;
				INFOPLIST_FILE = "Candidate-MinerUITests/Info.plist";
				LD_RUNPATH_SEARCH_PATHS = (
					"$(inherited)",
					"@executable_path/Frameworks",
					"@loader_path/Frameworks",
				);
				PRODUCT_BUNDLE_IDENTIFIER = "com.fernando-ferreira.Candidate-MinerUITests";
				PRODUCT_NAME = "$(TARGET_NAME)";
				SWIFT_VERSION = 4.0;
				TARGETED_DEVICE_FAMILY = "1,2";
				TEST_TARGET_NAME = "Candidate-Miner";
			};
			name = Release;
		};
/* End XCBuildConfiguration section */

/* Begin XCConfigurationList section */
		59FEF24120BAFC95006CD77E /* Build configuration list for PBXProject "Candidate-Miner" */ = {
			isa = XCConfigurationList;
			buildConfigurations = (
				59FEF26C20BAFC97006CD77E /* Debug */,
				59FEF26D20BAFC97006CD77E /* Release */,
			);
			defaultConfigurationIsVisible = 0;
			defaultConfigurationName = Release;
		};
		59FEF26E20BAFC97006CD77E /* Build configuration list for PBXNativeTarget "Candidate-Miner" */ = {
			isa = XCConfigurationList;
			buildConfigurations = (
				59FEF26F20BAFC97006CD77E /* Debug */,
				59FEF27020BAFC97006CD77E /* Release */,
			);
			defaultConfigurationIsVisible = 0;
			defaultConfigurationName = Release;
		};
		59FEF27120BAFC97006CD77E /* Build configuration list for PBXNativeTarget "Candidate-MinerTests" */ = {
			isa = XCConfigurationList;
			buildConfigurations = (
				59FEF27220BAFC97006CD77E /* Debug */,
				59FEF27320BAFC97006CD77E /* Release */,
			);
			defaultConfigurationIsVisible = 0;
			defaultConfigurationName = Release;
		};
		59FEF27420BAFC97006CD77E /* Build configuration list for PBXNativeTarget "Candidate-MinerUITests" */ = {
			isa = XCConfigurationList;
			buildConfigurations = (
				59FEF27520BAFC97006CD77E /* Debug */,
				59FEF27620BAFC97006CD77E /* Release */,
			);
			defaultConfigurationIsVisible = 0;
			defaultConfigurationName = Release;
		};
/* End XCConfigurationList section */
	};
	rootObject = 59FEF23E20BAFC95006CD77E /* Project object */;
}
